{
  "name": "Miku-Chan",
  "version": "1.1.1",
  "lockfileVersion": 1,
  "requires": true,
  "dependencies": {
    "enmap": {
      "version": "4.3.2",
      "resolved": "https://registry.npmjs.org/enmap/-/enmap-4.3.2.tgz",
      "integrity": "sha512-oGT2KFOrNYn34Pt1Sr8P9We3Hx2y9CxEtRCVVupqhxxBM5RwA7AE+IuYv3lvRMCyJI/f4/13rRqvdkeAf+tFIA==",
      "requires": {
        "lodash": "^4.17.10"
      }
    },
    "lodash": {
      "version": "4.17.11",
      "resolved": "https://registry.npmjs.org/lodash/-/lodash-4.17.11.tgz",
      "integrity": "sha512-cQKh8igo5QUhZ7lg38DYWAxMvjSAKG0A8wGSVimP07SIUEK2UO+arSRKbRZWtelMtN5V0Hkwh5ryOto/SshYIg=="
    }
  }
}
